
Microsoft Visual Studio Solution File, Format Version 12.00
# Visual Studio Version 17
VisualStudioVersion = 17.0.32014.148
MinimumVisualStudioVersion = 10.0.40219.1
Project("{FAE04EC0-301F-11D3-BF4B-00C04F79EFBC}") = "DIO.Series", "DIO.Series.csproj", "{355BBF2B-9B89-4B50-976F-DCDC41939659}"
EndProject
Global
	GlobalSection(SolutionConfigurationPlatforms) = preSolution
		Debug|Any CPU = Debug|Any CPU
		Release|Any CPU = Release|Any CPU
	EndGlobalSection
	GlobalSection(ProjectConfigurationPlatforms) = postSolution
		{355BBF2B-9B89-4B50-976F-DCDC41939659}.Debug|Any CPU.ActiveCfg = Debug|Any CPU
		{355BBF2B-9B89-4B50-976F-DCDC41939659}.Debug|Any CPU.Build.0 = Debug|Any CPU
		{355BBF2B-9B89-4B50-976F-DCDC41939659}.Release|Any CPU.ActiveCfg = Release|Any CPU
		{355BBF2B-9B89-4B50-976F-DCDC41939659}.Release|Any CPU.Build.0 = Release|Any CPU
	EndGlobalSection
	GlobalSection(SolutionProperties) = preSolution
		HideSolutionNode = FALSE
	EndGlobalSection
	GlobalSection(ExtensibilityGlobals) = postSolution
		SolutionGuid = {FCC6803C-D37D-47E7-A523-1C475AB2EA1B}
	EndGlobalSection
EndGlobal
